// !$*UTF8*$!
{
	archiveVersion = 1;
	classes = {
	};
	objectVersion = 46;
	objects = {

/* Begin PBXFileReference section */
		0044C0A52157C43900899D65 /* configure */ = {isa = PBXFileReference; fileEncoding = 4; lastKnownFileType = text.script.sh; path = configure; sourceTree = "<group>"; };
		0044C0A62157C43900899D65 /* dfu-libusb.c */ = {isa = PBXFileReference; fileEncoding = 4; lastKnownFileType = sourcecode.c.c; path = "dfu-libusb.c"; sourceTree = "<group>"; };
		0044C0A72157C43900899D65 /* dfu-windows.c */ = {isa = PBXFileReference; fileEncoding = 4; lastKnownFileType = sourcecode.c.c; path = "dfu-windows.c"; sourceTree = "<group>"; };
		0044C0A82157C43900899D65 /* hid-libusb.c */ = {isa = PBXFileReference; fileEncoding = 4; lastKnownFileType = sourcecode.c.c; path = "hid-libusb.c"; sourceTree = "<group>"; };
		0044C0A92157C43900899D65 /* hid-macos.c */ = {isa = PBXFileReference; fileEncoding = 4; lastKnownFileType = sourcecode.c.c; path = "hid-macos.c"; sourceTree = "<group>"; };
		0044C0AA2157C43900899D65 /* hid-windows.c */ = {isa = PBXFileReference; fileEncoding = 4; lastKnownFileType = sourcecode.c.c; path = "hid-windows.c"; sourceTree = "<group>"; };
		0044C0AB2157C43900899D65 /* hid.c */ = {isa = PBXFileReference; fileEncoding = 4; lastKnownFileType = sourcecode.c.c; path = hid.c; sourceTree = "<group>"; };
		0044C0AC2157C43900899D65 /* LICENSE */ = {isa = PBXFileReference; fileEncoding = 4; lastKnownFileType = text; path = LICENSE; sourceTree = "<group>"; };
		0044C0AD2157C43900899D65 /* main.c */ = {isa = PBXFileReference; fileEncoding = 4; lastKnownFileType = sourcecode.c.c; path = main.c; sourceTree = "<group>"; };
		0044C0AE2157C43900899D65 /* Makefile */ = {isa = PBXFileReference; fileEncoding = 4; lastKnownFileType = sourcecode.make; path = Makefile; sourceTree = "<group>"; };
		0044C0AF2157C43900899D65 /* Makefile-mingw */ = {isa = PBXFileReference; fileEncoding = 4; lastKnownFileType = text; path = "Makefile-mingw"; sourceTree = "<group>"; };
		0044C0B02157C43900899D65 /* md380.c */ = {isa = PBXFileReference; fileEncoding = 4; lastKnownFileType = sourcecode.c.c; path = md380.c; sourceTree = "<group>"; };
		0044C0B12157C43900899D65 /* radio.c */ = {isa = PBXFileReference; fileEncoding = 4; lastKnownFileType = sourcecode.c.c; path = radio.c; sourceTree = "<group>"; };
		0044C0B22157C43900899D65 /* radio.h */ = {isa = PBXFileReference; fileEncoding = 4; lastKnownFileType = sourcecode.c.h; path = radio.h; sourceTree = "<group>"; };
		0044C0B32157C43900899D65 /* rd5r.c */ = {isa = PBXFileReference; fileEncoding = 4; lastKnownFileType = sourcecode.c.c; path = rd5r.c; sourceTree = "<group>"; };
		0044C0B42157C43900899D65 /* README.md */ = {isa = PBXFileReference; fileEncoding = 4; lastKnownFileType = net.daringfireball.markdown; path = README.md; sourceTree = "<group>"; };
		0044C0B52157C43900899D65 /* util.c */ = {isa = PBXFileReference; fileEncoding = 4; lastKnownFileType = sourcecode.c.c; path = util.c; sourceTree = "<group>"; };
		0044C0B62157C43900899D65 /* util.h */ = {isa = PBXFileReference; fileEncoding = 4; lastKnownFileType = sourcecode.c.h; path = util.h; sourceTree = "<group>"; };
		0044C0B72157C43900899D65 /* uv380.c */ = {isa = PBXFileReference; fileEncoding = 4; lastKnownFileType = sourcecode.c.c; path = uv380.c; sourceTree = "<group>"; };
/* End PBXFileReference section */

/* Begin PBXGroup section */
		0044C09A2157C3A300899D65 = {
			isa = PBXGroup;
			children = (
				0044C0A52157C43900899D65 /* configure */,
				0044C0A62157C43900899D65 /* dfu-libusb.c */,
				0044C0A72157C43900899D65 /* dfu-windows.c */,
				0044C0A82157C43900899D65 /* hid-libusb.c */,
				0044C0A92157C43900899D65 /* hid-macos.c */,
				0044C0AA2157C43900899D65 /* hid-windows.c */,
				0044C0AB2157C43900899D65 /* hid.c */,
				0044C0AC2157C43900899D65 /* LICENSE */,
				0044C0AD2157C43900899D65 /* main.c */,
				0044C0AE2157C43900899D65 /* Makefile */,
				0044C0AF2157C43900899D65 /* Makefile-mingw */,
				0044C0B02157C43900899D65 /* md380.c */,
				0044C0B12157C43900899D65 /* radio.c */,
				0044C0B22157C43900899D65 /* radio.h */,
				0044C0B32157C43900899D65 /* rd5r.c */,
				0044C0B42157C43900899D65 /* README.md */,
				0044C0B52157C43900899D65 /* util.c */,
				0044C0B62157C43900899D65 /* util.h */,
				0044C0B72157C43900899D65 /* uv380.c */,
			);
			sourceTree = "<group>";
		};
/* End PBXGroup section */

/* Begin PBXLegacyTarget section */
		0044C09F2157C3A300899D65 /* drmconfig */ = {
			isa = PBXLegacyTarget;
			buildArgumentsString = "$(ACTION)";
			buildConfigurationList = 0044C0A22157C3A300899D65 /* Build configuration list for PBXLegacyTarget "drmconfig" */;
			buildPhases = (
			);
			buildToolPath = /usr/bin/make;
			dependencies = (
			);
			name = drmconfig;
			passBuildSettingsInEnvironment = 1;
			productName = drmconfig;
		};
/* End PBXLegacyTarget section */

/* Begin PBXProject section */
		0044C09B2157C3A300899D65 /* Project object */ = {
			isa = PBXProject;
			attributes = {
				LastUpgradeCheck = 0800;
				ORGANIZATIONNAME = TPORHDA;
				TargetAttributes = {
					0044C09F2157C3A300899D65 = {
						CreatedOnToolsVersion = 8.0;
						DevelopmentTeam = UMR7F4KK65;
						ProvisioningStyle = Automatic;
					};
				};
			};
			buildConfigurationList = 0044C09E2157C3A300899D65 /* Build configuration list for PBXProject "drmconfig" */;
			compatibilityVersion = "Xcode 3.2";
			developmentRegion = English;
			hasScannedForEncodings = 0;
			knownRegions = (
				en,
			);
			mainGroup = 0044C09A2157C3A300899D65;
			projectDirPath = "";
			projectRoot = "";
			targets = (
				0044C09F2157C3A300899D65 /* drmconfig */,
			);
		};
/* End PBXProject section */

/* Begin XCBuildConfiguration section */
		0044C0A02157C3A300899D65 /* Debug */ = {
			isa = XCBuildConfiguration;
			buildSettings = {
				ALWAYS_SEARCH_USER_PATHS = NO;
				CLANG_ANALYZER_NONNULL = YES;
				CLANG_CXX_LANGUAGE_STANDARD = "gnu++0x";
				CLANG_CXX_LIBRARY = "libc++";
				CLANG_ENABLE_MODULES = YES;
				CLANG_ENABLE_OBJC_ARC = YES;
				CLANG_WARN_BOOL_CONVERSION = YES;
				CLANG_WARN_CONSTANT_CONVERSION = YES;
				CLANG_WARN_DIRECT_OBJC_ISA_USAGE = YES_ERROR;
				CLANG_WARN_DOCUMENTATION_COMMENTS = YES;
				CLANG_WARN_EMPTY_BODY = YES;
				CLANG_WARN_ENUM_CONVERSION = YES;
				CLANG_WARN_INFINITE_RECURSION = YES;
				CLANG_WARN_INT_CONVERSION = YES;
				CLANG_WARN_OBJC_ROOT_CLASS = YES_ERROR;
				CLANG_WARN_SUSPICIOUS_MOVES = YES;
				CLANG_WARN_UNREACHABLE_CODE = YES;
				CLANG_WARN__DUPLICATE_METHOD_MATCH = YES;
				COPY_PHASE_STRIP = NO;
				DEBUG_INFORMATION_FORMAT = dwarf;
				ENABLE_STRICT_OBJC_MSGSEND = YES;
				ENABLE_TESTABILITY = YES;
				GCC_C_LANGUAGE_STANDARD = gnu99;
				GCC_DYNAMIC_NO_PIC = NO;
				GCC_NO_COMMON_BLOCKS = YES;
				GCC_OPTIMIZATION_LEVEL = 0;
				GCC_PREPROCESSOR_DEFINITIONS = (
					"DEBUG=1",
					"$(inherited)",
				);
				GCC_WARN_64_TO_32_BIT_CONVERSION = YES;
				GCC_WARN_ABOUT_RETURN_TYPE = YES_ERROR;
				GCC_WARN_UNDECLARED_SELECTOR = YES;
				GCC_WARN_UNINITIALIZED_AUTOS = YES_AGGRESSIVE;
				GCC_WARN_UNUSED_FUNCTION = YES;
				GCC_WARN_UNUSED_VARIABLE = YES;
				MTL_ENABLE_DEBUG_INFO = YES;
				ONLY_ACTIVE_ARCH = YES;
			};
			name = Debug;
		};
		0044C0A12157C3A300899D65 /* Release */ = {
			isa = XCBuildConfiguration;
			buildSettings = {
				ALWAYS_SEARCH_USER_PATHS = NO;
				CLANG_ANALYZER_NONNULL = YES;
				CLANG_CXX_LANGUAGE_STANDARD = "gnu++0x";
				CLANG_CXX_LIBRARY = "libc++";
				CLANG_ENABLE_MODULES = YES;
				CLANG_ENABLE_OBJC_ARC = YES;
				CLANG_WARN_BOOL_CONVERSION = YES;
				CLANG_WARN_CONSTANT_CONVERSION = YES;
				CLANG_WARN_DIRECT_OBJC_ISA_USAGE = YES_ERROR;
				CLANG_WARN_DOCUMENTATION_COMMENTS = YES;
				CLANG_WARN_EMPTY_BODY = YES;
				CLANG_WARN_ENUM_CONVERSION = YES;
				CLANG_WARN_INFINITE_RECURSION = YES;
				CLANG_WARN_INT_CONVERSION = YES;
				CLANG_WARN_OBJC_ROOT_CLASS = YES_ERROR;
				CLANG_WARN_SUSPICIOUS_MOVES = YES;
				CLANG_WARN_UNREACHABLE_CODE = YES;
				CLANG_WARN__DUPLICATE_METHOD_MATCH = YES;
				COPY_PHASE_STRIP = NO;
				DEBUG_INFORMATION_FORMAT = "dwarf-with-dsym";
				ENABLE_NS_ASSERTIONS = NO;
				ENABLE_STRICT_OBJC_MSGSEND = YES;
				GCC_C_LANGUAGE_STANDARD = gnu99;
				GCC_NO_COMMON_BLOCKS = YES;
				GCC_WARN_64_TO_32_BIT_CONVERSION = YES;
				GCC_WARN_ABOUT_RETURN_TYPE = YES_ERROR;
				GCC_WARN_UNDECLARED_SELECTOR = YES;
				GCC_WARN_UNINITIALIZED_AUTOS = YES_AGGRESSIVE;
				GCC_WARN_UNUSED_FUNCTION = YES;
				GCC_WARN_UNUSED_VARIABLE = YES;
				MTL_ENABLE_DEBUG_INFO = NO;
			};
			name = Release;
		};
		0044C0A32157C3A300899D65 /* Debug */ = {
			isa = XCBuildConfiguration;
			buildSettings = {
				DEBUGGING_SYMBOLS = YES;
				DEBUG_INFORMATION_FORMAT = dwarf;
				DEVELOPMENT_TEAM = UMR7F4KK65;
				GCC_GENERATE_DEBUGGING_SYMBOLS = YES;
				GCC_OPTIMIZATION_LEVEL = 0;
				OTHER_CFLAGS = "";
				OTHER_LDFLAGS = "";
				PRODUCT_NAME = "$(TARGET_NAME)";
			};
			name = Debug;
		};
		0044C0A42157C3A300899D65 /* Release */ = {
			isa = XCBuildConfiguration;
			buildSettings = {
				DEBUG_INFORMATION_FORMAT = "dwarf-with-dsym";
				DEVELOPMENT_TEAM = UMR7F4KK65;
				OTHER_CFLAGS = "";
				OTHER_LDFLAGS = "";
				PRODUCT_NAME = "$(TARGET_NAME)";
			};
			name = Release;
		};
/* End XCBuildConfiguration section */

/* Begin XCConfigurationList section */
		0044C09E2157C3A300899D65 /* Build configuration list for PBXProject "drmconfig" */ = {
			isa = XCConfigurationList;
			buildConfigurations = (
				0044C0A02157C3A300899D65 /* Debug */,
				0044C0A12157C3A300899D65 /* Release */,
			);
			defaultConfigurationIsVisible = 0;
			defaultConfigurationName = Release;
		};
		0044C0A22157C3A300899D65 /* Build configuration list for PBXLegacyTarget "drmconfig" */ = {
			isa = XCConfigurationList;
			buildConfigurations = (
				0044C0A32157C3A300899D65 /* Debug */,
				0044C0A42157C3A300899D65 /* Release */,
			);
			defaultConfigurationIsVisible = 0;
			defaultConfigurationName = Release;
		};
/* End XCConfigurationList section */
	};
	rootObject = 0044C09B2157C3A300899D65 /* Project object */;
}
